
Microsoft Visual Studio Solution File, Format Version 12.00
Project("{FAE04EC0-301F-11D3-BF4B-00C04F79EFBC}") = "ConsoleApp", "ConsoleApp\ConsoleApp.csproj", "{E825CD4A-7929-4EE9-8FA7-352A0289D2B4}"
EndProject
Project("{FAE04EC0-301F-11D3-BF4B-00C04F79EFBC}") = "MenuSystem", "MenuSystem\MenuSystem.csproj", "{1B88CA73-DF5F-46FF-A48E-3B1AA69EDAAC}"
EndProject
Project("{FAE04EC0-301F-11D3-BF4B-00C04F79EFBC}") = "BLL", "BLL\BLL.csproj", "{8008FC5F-9CEA-4557-BDAF-83C59C3258C6}"
EndProject
Project("{FAE04EC0-301F-11D3-BF4B-00C04F79EFBC}") = "ConsoleUI", "ConsoleUI\ConsoleUI.csproj", "{EB84D244-9687-4B7D-AD6A-F49515562015}"
EndProject
Project("{FAE04EC0-301F-11D3-BF4B-00C04F79EFBC}") = "DAL", "DAL\DAL.csproj", "{2D5BA410-6847-474E-901A-530CA66F4E8B}"
EndProject
Project("{FAE04EC0-301F-11D3-BF4B-00C04F79EFBC}") = "WebApp", "WebApp\WebApp.csproj", "{88C3BF16-9C05-4088-B03C-26CBC93004F0}"
EndProject
Global
	GlobalSection(SolutionConfigurationPlatforms) = preSolution
		Debug|Any CPU = Debug|Any CPU
		Debug|x64 = Debug|x64
		Debug|x86 = Debug|x86
		Release|Any CPU = Release|Any CPU
		Release|x64 = Release|x64
		Release|x86 = Release|x86
	EndGlobalSection
	GlobalSection(ProjectConfigurationPlatforms) = postSolution
		{E825CD4A-7929-4EE9-8FA7-352A0289D2B4}.Debug|Any CPU.ActiveCfg = Debug|Any CPU
		{E825CD4A-7929-4EE9-8FA7-352A0289D2B4}.Debug|Any CPU.Build.0 = Debug|Any CPU
		{E825CD4A-7929-4EE9-8FA7-352A0289D2B4}.Debug|x64.ActiveCfg = Debug|Any CPU
		{E825CD4A-7929-4EE9-8FA7-352A0289D2B4}.Debug|x64.Build.0 = Debug|Any CPU
		{E825CD4A-7929-4EE9-8FA7-352A0289D2B4}.Debug|x86.ActiveCfg = Debug|Any CPU
		{E825CD4A-7929-4EE9-8FA7-352A0289D2B4}.Debug|x86.Build.0 = Debug|Any CPU
		{E825CD4A-7929-4EE9-8FA7-352A0289D2B4}.Release|Any CPU.ActiveCfg = Release|Any CPU
		{E825CD4A-7929-4EE9-8FA7-352A0289D2B4}.Release|Any CPU.Build.0 = Release|Any CPU
		{E825CD4A-7929-4EE9-8FA7-352A0289D2B4}.Release|x64.ActiveCfg = Release|Any CPU
		{E825CD4A-7929-4EE9-8FA7-352A0289D2B4}.Release|x64.Build.0 = Release|Any CPU
		{E825CD4A-7929-4EE9-8FA7-352A0289D2B4}.Release|x86.ActiveCfg = Release|Any CPU
		{E825CD4A-7929-4EE9-8FA7-352A0289D2B4}.Release|x86.Build.0 = Release|Any CPU
		{1B88CA73-DF5F-46FF-A48E-3B1AA69EDAAC}.Debug|Any CPU.ActiveCfg = Debug|Any CPU
		{1B88CA73-DF5F-46FF-A48E-3B1AA69EDAAC}.Debug|Any CPU.Build.0 = Debug|Any CPU
		{1B88CA73-DF5F-46FF-A48E-3B1AA69EDAAC}.Debug|x64.ActiveCfg = Debug|Any CPU
		{1B88CA73-DF5F-46FF-A48E-3B1AA69EDAAC}.Debug|x64.Build.0 = Debug|Any CPU
		{1B88CA73-DF5F-46FF-A48E-3B1AA69EDAAC}.Debug|x86.ActiveCfg = Debug|Any CPU
		{1B88CA73-DF5F-46FF-A48E-3B1AA69EDAAC}.Debug|x86.Build.0 = Debug|Any CPU
		{1B88CA73-DF5F-46FF-A48E-3B1AA69EDAAC}.Release|Any CPU.ActiveCfg = Release|Any CPU
		{1B88CA73-DF5F-46FF-A48E-3B1AA69EDAAC}.Release|Any CPU.Build.0 = Release|Any CPU
		{1B88CA73-DF5F-46FF-A48E-3B1AA69EDAAC}.Release|x64.ActiveCfg = Release|Any CPU
		{1B88CA73-DF5F-46FF-A48E-3B1AA69EDAAC}.Release|x64.Build.0 = Release|Any CPU
		{1B88CA73-DF5F-46FF-A48E-3B1AA69EDAAC}.Release|x86.ActiveCfg = Release|Any CPU
		{1B88CA73-DF5F-46FF-A48E-3B1AA69EDAAC}.Release|x86.Build.0 = Release|Any CPU
		{8008FC5F-9CEA-4557-BDAF-83C59C3258C6}.Debug|Any CPU.ActiveCfg = Debug|Any CPU
		{8008FC5F-9CEA-4557-BDAF-83C59C3258C6}.Debug|Any CPU.Build.0 = Debug|Any CPU
		{8008FC5F-9CEA-4557-BDAF-83C59C3258C6}.Debug|x64.ActiveCfg = Debug|Any CPU
		{8008FC5F-9CEA-4557-BDAF-83C59C3258C6}.Debug|x64.Build.0 = Debug|Any CPU
		{8008FC5F-9CEA-4557-BDAF-83C59C3258C6}.Debug|x86.ActiveCfg = Debug|Any CPU
		{8008FC5F-9CEA-4557-BDAF-83C59C3258C6}.Debug|x86.Build.0 = Debug|Any CPU
		{8008FC5F-9CEA-4557-BDAF-83C59C3258C6}.Release|Any CPU.ActiveCfg = Release|Any CPU
		{8008FC5F-9CEA-4557-BDAF-83C59C3258C6}.Release|Any CPU.Build.0 = Release|Any CPU
		{8008FC5F-9CEA-4557-BDAF-83C59C3258C6}.Release|x64.ActiveCfg = Release|Any CPU
		{8008FC5F-9CEA-4557-BDAF-83C59C3258C6}.Release|x64.Build.0 = Release|Any CPU
		{8008FC5F-9CEA-4557-BDAF-83C59C3258C6}.Release|x86.ActiveCfg = Release|Any CPU
		{8008FC5F-9CEA-4557-BDAF-83C59C3258C6}.Release|x86.Build.0 = Release|Any CPU
		{EB84D244-9687-4B7D-AD6A-F49515562015}.Debug|Any CPU.ActiveCfg = Debug|Any CPU
		{EB84D244-9687-4B7D-AD6A-F49515562015}.Debug|Any CPU.Build.0 = Debug|Any CPU
		{EB84D244-9687-4B7D-AD6A-F49515562015}.Debug|x64.ActiveCfg = Debug|Any CPU
		{EB84D244-9687-4B7D-AD6A-F49515562015}.Debug|x64.Build.0 = Debug|Any CPU
		{EB84D244-9687-4B7D-AD6A-F49515562015}.Debug|x86.ActiveCfg = Debug|Any CPU
		{EB84D244-9687-4B7D-AD6A-F49515562015}.Debug|x86.Build.0 = Debug|Any CPU
		{EB84D244-9687-4B7D-AD6A-F49515562015}.Release|Any CPU.ActiveCfg = Release|Any CPU
		{EB84D244-9687-4B7D-AD6A-F49515562015}.Release|Any CPU.Build.0 = Release|Any CPU
		{EB84D244-9687-4B7D-AD6A-F49515562015}.Release|x64.ActiveCfg = Release|Any CPU
		{EB84D244-9687-4B7D-AD6A-F49515562015}.Release|x64.Build.0 = Release|Any CPU
		{EB84D244-9687-4B7D-AD6A-F49515562015}.Release|x86.ActiveCfg = Release|Any CPU
		{EB84D244-9687-4B7D-AD6A-F49515562015}.Release|x86.Build.0 = Release|Any CPU
		{2D5BA410-6847-474E-901A-530CA66F4E8B}.Debug|Any CPU.ActiveCfg = Debug|Any CPU
		{2D5BA410-6847-474E-901A-530CA66F4E8B}.Debug|Any CPU.Build.0 = Debug|Any CPU
		{2D5BA410-6847-474E-901A-530CA66F4E8B}.Debug|x64.ActiveCfg = Debug|Any CPU
		{2D5BA410-6847-474E-901A-530CA66F4E8B}.Debug|x64.Build.0 = Debug|Any CPU
		{2D5BA410-6847-474E-901A-530CA66F4E8B}.Debug|x86.ActiveCfg = Debug|Any CPU
		{2D5BA410-6847-474E-901A-530CA66F4E8B}.Debug|x86.Build.0 = Debug|Any CPU
		{2D5BA410-6847-474E-901A-530CA66F4E8B}.Release|Any CPU.ActiveCfg = Release|Any CPU
		{2D5BA410-6847-474E-901A-530CA66F4E8B}.Release|Any CPU.Build.0 = Release|Any CPU
		{2D5BA410-6847-474E-901A-530CA66F4E8B}.Release|x64.ActiveCfg = Release|Any CPU
		{2D5BA410-6847-474E-901A-530CA66F4E8B}.Release|x64.Build.0 = Release|Any CPU
		{2D5BA410-6847-474E-901A-530CA66F4E8B}.Release|x86.ActiveCfg = Release|Any CPU
		{2D5BA410-6847-474E-901A-530CA66F4E8B}.Release|x86.Build.0 = Release|Any CPU
		{88C3BF16-9C05-4088-B03C-26CBC93004F0}.Debug|Any CPU.ActiveCfg = Debug|Any CPU
		{88C3BF16-9C05-4088-B03C-26CBC93004F0}.Debug|Any CPU.Build.0 = Debug|Any CPU
		{88C3BF16-9C05-4088-B03C-26CBC93004F0}.Debug|x64.ActiveCfg = Debug|Any CPU
		{88C3BF16-9C05-4088-B03C-26CBC93004F0}.Debug|x64.Build.0 = Debug|Any CPU
		{88C3BF16-9C05-4088-B03C-26CBC93004F0}.Debug|x86.ActiveCfg = Debug|Any CPU
		{88C3BF16-9C05-4088-B03C-26CBC93004F0}.Debug|x86.Build.0 = Debug|Any CPU
		{88C3BF16-9C05-4088-B03C-26CBC93004F0}.Release|Any CPU.ActiveCfg = Release|Any CPU
		{88C3BF16-9C05-4088-B03C-26CBC93004F0}.Release|Any CPU.Build.0 = Release|Any CPU
		{88C3BF16-9C05-4088-B03C-26CBC93004F0}.Release|x64.ActiveCfg = Release|Any CPU
		{88C3BF16-9C05-4088-B03C-26CBC93004F0}.Release|x64.Build.0 = Release|Any CPU
		{88C3BF16-9C05-4088-B03C-26CBC93004F0}.Release|x86.ActiveCfg = Release|Any CPU
		{88C3BF16-9C05-4088-B03C-26CBC93004F0}.Release|x86.Build.0 = Release|Any CPU
	EndGlobalSection
	GlobalSection(SolutionProperties) = preSolution
		HideSolutionNode = FALSE
	EndGlobalSection
EndGlobal
